// !$*UTF8*$!
{
	archiveVersion = 1;
	classes = {
	};
	objectVersion = 46;
	objects = {

/* Begin PBXBuildFile section */
		2266420D149A9634003B7019 /* Foundation.framework in Frameworks */ = {isa = PBXBuildFile; fileRef = 2266420C149A9634003B7019 /* Foundation.framework */; };
		22664215149A9C39003B7019 /* Helper.m in Sources */ = {isa = PBXBuildFile; fileRef = 22664214149A9C39003B7019 /* Helper.m */; };
		22664216149A9C39003B7019 /* Helper.m in Sources */ = {isa = PBXBuildFile; fileRef = 22664214149A9C39003B7019 /* Helper.m */; };
		4BE4905110445D49006BE471 /* main.m in Sources */ = {isa = PBXBuildFile; fileRef = 4BE4904D10445D49006BE471 /* main.m */; };
		4BE4906110445E13006BE471 /* main.m in Sources */ = {isa = PBXBuildFile; fileRef = 4BE4905510445DDD006BE471 /* main.m */; };
		4BE4906410445F2F006BE471 /* Security.framework in Frameworks */ = {isa = PBXBuildFile; fileRef = 4BE4906310445F2F006BE471 /* Security.framework */; };
		4BE4906810445F36006BE471 /* ServiceManagement.framework in Frameworks */ = {isa = PBXBuildFile; fileRef = 4BE4906710445F36006BE471 /* ServiceManagement.framework */; };
		4BE49092104463A0006BE471 /* com.elegantchaos.helper.helper in CopyFiles */ = {isa = PBXBuildFile; fileRef = 4BE4905D10445E0A006BE471 /* com.elegantchaos.helper.helper */; };
		8D11072F0486CEB800E47090 /* Cocoa.framework in Frameworks */ = {isa = PBXBuildFile; fileRef = 1058C7A1FEA54F0111CA2CBB /* Cocoa.framework */; };
		BF04235611C0531400431286 /* HostAppController.m in Sources */ = {isa = PBXBuildFile; fileRef = BF04235511C0531400431286 /* HostAppController.m */; };
		BF65C19111B985C0007C20AB /* MainMenu.xib in Resources */ = {isa = PBXBuildFile; fileRef = BF65C19011B985C0007C20AB /* MainMenu.xib */; };
/* End PBXBuildFile section */

/* Begin PBXContainerItemProxy section */
		4BE4907E1044624F006BE471 /* PBXContainerItemProxy */ = {
			isa = PBXContainerItemProxy;
			containerPortal = 29B97313FDCFA39411CA2CEA /* Project object */;
			proxyType = 1;
			remoteGlobalIDString = 4BE4905C10445E0A006BE471;
			remoteInfo = SMJobBlessHelper;
		};
/* End PBXContainerItemProxy section */

/* Begin PBXCopyFilesBuildPhase section */
		224E7D89149A25200063A520 /* CopyFiles */ = {
			isa = PBXCopyFilesBuildPhase;
			buildActionMask = 2147483647;
			dstPath = "";
			dstSubfolderSpec = 16;
			files = (
			);
			runOnlyForDeploymentPostprocessing = 0;
		};
		4BE49098104463C5006BE471 /* CopyFiles */ = {
			isa = PBXCopyFilesBuildPhase;
			buildActionMask = 2147483647;
			dstPath = Contents/Library/LaunchServices;
			dstSubfolderSpec = 1;
			files = (
				4BE49092104463A0006BE471 /* com.elegantchaos.helper.helper in CopyFiles */,
			);
			runOnlyForDeploymentPostprocessing = 0;
		};
/* End PBXCopyFilesBuildPhase section */

/* Begin PBXFileReference section */
		1058C7A1FEA54F0111CA2CBB /* Cocoa.framework */ = {isa = PBXFileReference; lastKnownFileType = wrapper.framework; name = Cocoa.framework; path = /System/Library/Frameworks/Cocoa.framework; sourceTree = "<absolute>"; };
		13E42FB307B3F0F600E4EEF1 /* CoreData.framework */ = {isa = PBXFileReference; lastKnownFileType = wrapper.framework; name = CoreData.framework; path = /System/Library/Frameworks/CoreData.framework; sourceTree = "<absolute>"; };
		222B290C149A5FFC00DF7EB2 /* Processed-Info.plist */ = {isa = PBXFileReference; lastKnownFileType = text.plist.xml; path = "Processed-Info.plist"; sourceTree = "<group>"; };
		222B290D149A60ED00DF7EB2 /* Processed-Info.plist */ = {isa = PBXFileReference; lastKnownFileType = text.plist.xml; path = "Processed-Info.plist"; sourceTree = "<group>"; };
		222B290E149A60ED00DF7EB2 /* Processed-Launchd.plist */ = {isa = PBXFileReference; lastKnownFileType = text.plist.xml; path = "Processed-Launchd.plist"; sourceTree = "<group>"; };
		224E7D92149A26C60063A520 /* CoreFoundation.framework */ = {isa = PBXFileReference; lastKnownFileType = wrapper.framework; name = CoreFoundation.framework; path = System/Library/Frameworks/CoreFoundation.framework; sourceTree = SDKROOT; };
		2266420C149A9634003B7019 /* Foundation.framework */ = {isa = PBXFileReference; lastKnownFileType = wrapper.framework; name = Foundation.framework; path = System/Library/Frameworks/Foundation.framework; sourceTree = SDKROOT; };
		22664213149A9C39003B7019 /* Helper.h */ = {isa = PBXFileReference; fileEncoding = 4; lastKnownFileType = sourcecode.c.h; name = Helper.h; path = Helper/Helper.h; sourceTree = SOURCE_ROOT; };
		22664214149A9C39003B7019 /* Helper.m */ = {isa = PBXFileReference; fileEncoding = 4; lastKnownFileType = sourcecode.c.objc; name = Helper.m; path = Helper/Helper.m; sourceTree = SOURCE_ROOT; };
		22929E3B149A729000E06226 /* ReadMe.markdown */ = {isa = PBXFileReference; lastKnownFileType = text; path = ReadMe.markdown; sourceTree = "<group>"; wrapsLines = 1; };
		29B97324FDCFA39411CA2CEA /* AppKit.framework */ = {isa = PBXFileReference; lastKnownFileType = wrapper.framework; name = AppKit.framework; path = /System/Library/Frameworks/AppKit.framework; sourceTree = "<absolute>"; };
		29B97325FDCFA39411CA2CEA /* Foundation.framework */ = {isa = PBXFileReference; lastKnownFileType = wrapper.framework; name = Foundation.framework; path = /System/Library/Frameworks/Foundation.framework; sourceTree = "<absolute>"; };
		4BE4904C10445D49006BE471 /* Info.plist */ = {isa = PBXFileReference; fileEncoding = 4; lastKnownFileType = text.plist.xml; path = Info.plist; sourceTree = "<group>"; };
		4BE4904D10445D49006BE471 /* main.m */ = {isa = PBXFileReference; fileEncoding = 4; lastKnownFileType = sourcecode.c.objc; path = main.m; sourceTree = "<group>"; };
		4BE4905310445DDD006BE471 /* Info.plist */ = {isa = PBXFileReference; fileEncoding = 4; lastKnownFileType = text.plist.xml; name = Info.plist; path = ../Helper/Info.plist; sourceTree = "<group>"; };
		4BE4905410445DDD006BE471 /* Launchd.plist */ = {isa = PBXFileReference; fileEncoding = 4; lastKnownFileType = text.plist.xml; name = Launchd.plist; path = ../Helper/Launchd.plist; sourceTree = "<group>"; };
		4BE4905510445DDD006BE471 /* main.m */ = {isa = PBXFileReference; fileEncoding = 4; lastKnownFileType = sourcecode.c.objc; path = main.m; sourceTree = "<group>"; };
		4BE4905D10445E0A006BE471 /* com.elegantchaos.helper.helper */ = {isa = PBXFileReference; explicitFileType = "compiled.mach-o.executable"; includeInIndex = 0; path = com.elegantchaos.helper.helper; sourceTree = BUILT_PRODUCTS_DIR; };
		4BE4906310445F2F006BE471 /* Security.framework */ = {isa = PBXFileReference; lastKnownFileType = wrapper.framework; name = Security.framework; path = System/Library/Frameworks/Security.framework; sourceTree = SDKROOT; };
		4BE4906710445F36006BE471 /* ServiceManagement.framework */ = {isa = PBXFileReference; lastKnownFileType = wrapper.framework; name = ServiceManagement.framework; path = System/Library/Frameworks/ServiceManagement.framework; sourceTree = SDKROOT; };
		8D1107320486CEB800E47090 /* host.app */ = {isa = PBXFileReference; explicitFileType = wrapper.application; includeInIndex = 0; path = host.app; sourceTree = BUILT_PRODUCTS_DIR; };
		BF04235411C0531400431286 /* HostAppController.h */ = {isa = PBXFileReference; fileEncoding = 4; lastKnownFileType = sourcecode.c.h; path = HostAppController.h; sourceTree = "<group>"; };
		BF04235511C0531400431286 /* HostAppController.m */ = {isa = PBXFileReference; fileEncoding = 4; lastKnownFileType = sourcecode.c.objc; path = HostAppController.m; sourceTree = "<group>"; };
		BF65C19011B985C0007C20AB /* MainMenu.xib */ = {isa = PBXFileReference; lastKnownFileType = file.xib; path = MainMenu.xib; sourceTree = "<group>"; };
/* End PBXFileReference section */

/* Begin PBXFrameworksBuildPhase section */
		4BE4905B10445E0A006BE471 /* Frameworks */ = {
			isa = PBXFrameworksBuildPhase;
			buildActionMask = 2147483647;
			files = (
				2266420D149A9634003B7019 /* Foundation.framework in Frameworks */,
			);
			runOnlyForDeploymentPostprocessing = 0;
		};
		8D11072E0486CEB800E47090 /* Frameworks */ = {
			isa = PBXFrameworksBuildPhase;
			buildActionMask = 2147483647;
			files = (
				8D11072F0486CEB800E47090 /* Cocoa.framework in Frameworks */,
				4BE4906410445F2F006BE471 /* Security.framework in Frameworks */,
				4BE4906810445F36006BE471 /* ServiceManagement.framework in Frameworks */,
			);
			runOnlyForDeploymentPostprocessing = 0;
		};
/* End PBXFrameworksBuildPhase section */

/* Begin PBXGroup section */
		1058C7A0FEA54F0111CA2CBB /* Linked Frameworks */ = {
			isa = PBXGroup;
			children = (
				1058C7A1FEA54F0111CA2CBB /* Cocoa.framework */,
				4BE4906310445F2F006BE471 /* Security.framework */,
				4BE4906710445F36006BE471 /* ServiceManagement.framework */,
			);
			name = "Linked Frameworks";
			sourceTree = "<group>";
		};
		1058C7A2FEA54F0111CA2CBB /* Other Frameworks */ = {
			isa = PBXGroup;
			children = (
				29B97324FDCFA39411CA2CEA /* AppKit.framework */,
				13E42FB307B3F0F600E4EEF1 /* CoreData.framework */,
				29B97325FDCFA39411CA2CEA /* Foundation.framework */,
			);
			name = "Other Frameworks";
			sourceTree = "<group>";
		};
		19C28FACFE9D520D11CA2CBB /* Products */ = {
			isa = PBXGroup;
			children = (
				8D1107320486CEB800E47090 /* host.app */,
				4BE4905D10445E0A006BE471 /* com.elegantchaos.helper.helper */,
			);
			name = Products;
			sourceTree = "<group>";
		};
		29B97314FDCFA39411CA2CEA /* SMJobBless */ = {
			isa = PBXGroup;
			children = (
				2266420C149A9634003B7019 /* Foundation.framework */,
				22929E3B149A729000E06226 /* ReadMe.markdown */,
				4BE4905210445DDD006BE471 /* Helper */,
				4BE4904710445D49006BE471 /* Host */,
				29B97317FDCFA39411CA2CEA /* Resources */,
				29B97323FDCFA39411CA2CEA /* Frameworks */,
				19C28FACFE9D520D11CA2CBB /* Products */,
			);
			name = SMJobBless;
			sourceTree = "<group>";
		};
		29B97317FDCFA39411CA2CEA /* Resources */ = {
			isa = PBXGroup;
			children = (
				BF65C19011B985C0007C20AB /* MainMenu.xib */,
			);
			name = Resources;
			path = Host;
			sourceTree = "<group>";
		};
		29B97323FDCFA39411CA2CEA /* Frameworks */ = {
			isa = PBXGroup;
			children = (
				1058C7A0FEA54F0111CA2CBB /* Linked Frameworks */,
				224E7D92149A26C60063A520 /* CoreFoundation.framework */,
				1058C7A2FEA54F0111CA2CBB /* Other Frameworks */,
			);
			name = Frameworks;
			sourceTree = "<group>";
		};
		4BE4904710445D49006BE471 /* Host */ = {
			isa = PBXGroup;
			children = (
				BF04235411C0531400431286 /* HostAppController.h */,
				BF04235511C0531400431286 /* HostAppController.m */,
				4BE4904C10445D49006BE471 /* Info.plist */,
				222B290C149A5FFC00DF7EB2 /* Processed-Info.plist */,
				4BE4904D10445D49006BE471 /* main.m */,
			);
			path = Host;
			sourceTree = "<group>";
		};
		4BE4905210445DDD006BE471 /* Helper */ = {
			isa = PBXGroup;
			children = (
				4BE4905310445DDD006BE471 /* Info.plist */,
				4BE4905410445DDD006BE471 /* Launchd.plist */,
				4BE4905510445DDD006BE471 /* main.m */,
				22664213149A9C39003B7019 /* Helper.h */,
				22664214149A9C39003B7019 /* Helper.m */,
				222B290D149A60ED00DF7EB2 /* Processed-Info.plist */,
				222B290E149A60ED00DF7EB2 /* Processed-Launchd.plist */,
			);
			name = Helper;
			path = helper;
			sourceTree = "<group>";
		};
/* End PBXGroup section */

/* Begin PBXNativeTarget section */
		4BE4905C10445E0A006BE471 /* helper */ = {
			isa = PBXNativeTarget;
			buildConfigurationList = 4BE4906210445E31006BE471 /* Build configuration list for PBXNativeTarget "helper" */;
			buildPhases = (
				222B290A149A3EC600DF7EB2 /* ShellScript */,
				224E7D89149A25200063A520 /* CopyFiles */,
				4BE4905A10445E0A006BE471 /* Sources */,
				4BE4905B10445E0A006BE471 /* Frameworks */,
			);
			buildRules = (
			);
			dependencies = (
			);
			name = helper;
			productName = SMJobBlessHelper;
			productReference = 4BE4905D10445E0A006BE471 /* com.elegantchaos.helper.helper */;
			productType = "com.apple.product-type.tool";
		};
		8D1107260486CEB800E47090 /* host */ = {
			isa = PBXNativeTarget;
			buildConfigurationList = C01FCF4A08A954540054247B /* Build configuration list for PBXNativeTarget "host" */;
			buildPhases = (
				222B290B149A5F2600DF7EB2 /* ShellScript */,
				8D1107290486CEB800E47090 /* Resources */,
				8D11072C0486CEB800E47090 /* Sources */,
				8D11072E0486CEB800E47090 /* Frameworks */,
				4BE49098104463C5006BE471 /* CopyFiles */,
			);
			buildRules = (
			);
			dependencies = (
				4BE4907F1044624F006BE471 /* PBXTargetDependency */,
			);
			name = host;
			productInstallPath = "$(HOME)/Applications";
			productName = SMJobBless;
			productReference = 8D1107320486CEB800E47090 /* host.app */;
			productType = "com.apple.product-type.application";
		};
/* End PBXNativeTarget section */

/* Begin PBXProject section */
		29B97313FDCFA39411CA2CEA /* Project object */ = {
			isa = PBXProject;
			attributes = {
				LastUpgradeCheck = 0430;
			};
			buildConfigurationList = C01FCF4E08A954540054247B /* Build configuration list for PBXProject "ECHelper" */;
			compatibilityVersion = "Xcode 3.2";
			developmentRegion = English;
			hasScannedForEncodings = 1;
			knownRegions = (
				en,
			);
			mainGroup = 29B97314FDCFA39411CA2CEA /* SMJobBless */;
			projectDirPath = "";
			projectRoot = "";
			targets = (
				8D1107260486CEB800E47090 /* host */,
				4BE4905C10445E0A006BE471 /* helper */,
			);
		};
/* End PBXProject section */

/* Begin PBXResourcesBuildPhase section */
		8D1107290486CEB800E47090 /* Resources */ = {
			isa = PBXResourcesBuildPhase;
			buildActionMask = 2147483647;
			files = (
				BF65C19111B985C0007C20AB /* MainMenu.xib in Resources */,
			);
			runOnlyForDeploymentPostprocessing = 0;
		};
/* End PBXResourcesBuildPhase section */

/* Begin PBXShellScriptBuildPhase section */
		222B290A149A3EC600DF7EB2 /* ShellScript */ = {
			isa = PBXShellScriptBuildPhase;
			buildActionMask = 2147483647;
			files = (
			);
			inputPaths = (
				Helper/Info.plist,
				Helper/Launchd.plist,
			);
			outputPaths = (
				"Helper/Processed-Info.plist",
				"Helper/Processed-Launchd.plist",
			);
			runOnlyForDeploymentPostprocessing = 0;
			shellPath = /bin/sh;
			shellScript = "cat \"Helper/Info.plist\" | sed -e \"s/\\${HELPER_ID}/${HELPER_ID}/\" | sed -e \"s/\\${HELPER_SIGNING}/${HELPER_SIGNING}/\" | sed -e \"s/\\${HOST_ID}/${HOST_ID}/\" > \"Helper/Processed-Info.plist\"\n\ncat \"Helper/Launchd.plist\" | sed -e \"s/\\${HELPER_ID}/${HELPER_ID}/\" | sed -e \"s/\\${HELPER_SIGNING}/${HELPER_SIGNING}/\" > \"Helper/Processed-Launchd.plist\"\n";
		};
		222B290B149A5F2600DF7EB2 /* ShellScript */ = {
			isa = PBXShellScriptBuildPhase;
			buildActionMask = 2147483647;
			files = (
			);
			inputPaths = (
				Host/Info.plist,
			);
			outputPaths = (
				"Host/Processed-Info.plist",
			);
			runOnlyForDeploymentPostprocessing = 0;
			shellPath = /bin/sh;
			shellScript = "cat \"Host/Info.plist\" | sed -e \"s/\\${HELPER_ID}/${HELPER_ID}/\" | sed -e \"s/\\${HELPER_SIGNING}/${HELPER_SIGNING}/\" > \"Host/Processed-Info.plist\"\n";
		};
/* End PBXShellScriptBuildPhase section */

/* Begin PBXSourcesBuildPhase section */
		4BE4905A10445E0A006BE471 /* Sources */ = {
			isa = PBXSourcesBuildPhase;
			buildActionMask = 2147483647;
			files = (
				4BE4906110445E13006BE471 /* main.m in Sources */,
				22664216149A9C39003B7019 /* Helper.m in Sources */,
			);
			runOnlyForDeploymentPostprocessing = 0;
		};
		8D11072C0486CEB800E47090 /* Sources */ = {
			isa = PBXSourcesBuildPhase;
			buildActionMask = 2147483647;
			files = (
				4BE4905110445D49006BE471 /* main.m in Sources */,
				BF04235611C0531400431286 /* HostAppController.m in Sources */,
				22664215149A9C39003B7019 /* Helper.m in Sources */,
			);
			runOnlyForDeploymentPostprocessing = 0;
		};
/* End PBXSourcesBuildPhase section */

/* Begin PBXTargetDependency section */
		4BE4907F1044624F006BE471 /* PBXTargetDependency */ = {
			isa = PBXTargetDependency;
			target = 4BE4905C10445E0A006BE471 /* helper */;
			targetProxy = 4BE4907E1044624F006BE471 /* PBXContainerItemProxy */;
		};
/* End PBXTargetDependency section */

/* Begin XCBuildConfiguration section */
		4BE4905F10445E0B006BE471 /* Debug */ = {
			isa = XCBuildConfiguration;
			buildSettings = {
				ALWAYS_SEARCH_USER_PATHS = NO;
				COPY_PHASE_STRIP = NO;
				GCC_DYNAMIC_NO_PIC = NO;
				GCC_OPTIMIZATION_LEVEL = 0;
				INFOPLIST_FILE = Host/Info.plist;
				INFOPLIST_PREPROCESS = YES;
				INSTALL_PATH = /usr/local/bin;
				OTHER_LDFLAGS = (
					"-sectcreate",
					__TEXT,
					__info_plist,
					"Helper/Processed-Info.plist",
					"-sectcreate",
					__TEXT,
					__launchd_plist,
					"Helper/Processed-Launchd.plist",
				);
				PRODUCT_NAME = "${HELPER_ID}";
			};
			name = Debug;
		};
		4BE4906010445E0B006BE471 /* Release */ = {
			isa = XCBuildConfiguration;
			buildSettings = {
				ALWAYS_SEARCH_USER_PATHS = NO;
				COPY_PHASE_STRIP = YES;
				DEBUG_INFORMATION_FORMAT = "dwarf-with-dsym";
				INFOPLIST_FILE = Host/Info.plist;
				INFOPLIST_PREPROCESS = YES;
				INSTALL_PATH = /usr/local/bin;
				OTHER_LDFLAGS = (
					"-sectcreate",
					__TEXT,
					__info_plist,
					"Helper/Processed-Info.plist",
					"-sectcreate",
					__TEXT,
					__launchd_plist,
					"Helper/Processed-Launchd.plist",
				);
				PRODUCT_NAME = "${HELPER_ID}";
			};
			name = Release;
		};
		C01FCF4B08A954540054247B /* Debug */ = {
			isa = XCBuildConfiguration;
			buildSettings = {
				ALWAYS_SEARCH_USER_PATHS = NO;
				COPY_PHASE_STRIP = NO;
				GCC_DYNAMIC_NO_PIC = NO;
				GCC_OPTIMIZATION_LEVEL = 0;
				INFOPLIST_FILE = "Host/Processed-Info.plist";
				INSTALL_PATH = "$(HOME)/Applications";
				PRODUCT_NAME = host;
			};
			name = Debug;
		};
		C01FCF4C08A954540054247B /* Release */ = {
			isa = XCBuildConfiguration;
			buildSettings = {
				ALWAYS_SEARCH_USER_PATHS = NO;
				DEBUG_INFORMATION_FORMAT = "dwarf-with-dsym";
				INFOPLIST_FILE = "Host/Processed-Info.plist";
				INSTALL_PATH = "$(HOME)/Applications";
				PRODUCT_NAME = host;
			};
			name = Release;
		};
		C01FCF4F08A954540054247B /* Debug */ = {
			isa = XCBuildConfiguration;
			buildSettings = {
				ARCHS = "$(ARCHS_STANDARD_32_64_BIT)";
				CODE_SIGN_IDENTITY = "${HELPER_SIGNING}";
				GCC_C_LANGUAGE_STANDARD = gnu99;
				GCC_OPTIMIZATION_LEVEL = 0;
				GCC_WARN_ABOUT_RETURN_TYPE = YES;
				GCC_WARN_UNUSED_VARIABLE = YES;
				HELPER_ID = com.elegantchaos.helper.helper;
				HELPER_SIGNING = "3rd Party Mac Developer Application: Sam Deane";
				HOST_ID = com.elegantchaos.helper.host;
				ONLY_ACTIVE_ARCH = YES;
				PROVISIONING_PROFILE = "";
				SDKROOT = macosx;
			};
			name = Debug;
		};
		C01FCF5008A954540054247B /* Release */ = {
			isa = XCBuildConfiguration;
			buildSettings = {
				ARCHS = "$(ARCHS_STANDARD_32_64_BIT)";
				CODE_SIGN_IDENTITY = "${HELPER_SIGNING}";
				GCC_C_LANGUAGE_STANDARD = gnu99;
				GCC_WARN_ABOUT_RETURN_TYPE = YES;
				GCC_WARN_UNUSED_VARIABLE = YES;
				HELPER_ID = com.elegantchaos.helper.helper;
				HELPER_SIGNING = "3rd Party Mac Developer Application: Sam Deane";
				HOST_ID = com.elegantchaos.helper.host;
				PROVISIONING_PROFILE = "";
				SDKROOT = macosx;
			};
			name = Release;
		};
/* End XCBuildConfiguration section */

/* Begin XCConfigurationList section */
		4BE4906210445E31006BE471 /* Build configuration list for PBXNativeTarget "helper" */ = {
			isa = XCConfigurationList;
			buildConfigurations = (
				4BE4905F10445E0B006BE471 /* Debug */,
				4BE4906010445E0B006BE471 /* Release */,
			);
			defaultConfigurationIsVisible = 0;
			defaultConfigurationName = Release;
		};
		C01FCF4A08A954540054247B /* Build configuration list for PBXNativeTarget "host" */ = {
			isa = XCConfigurationList;
			buildConfigurations = (
				C01FCF4B08A954540054247B /* Debug */,
				C01FCF4C08A954540054247B /* Release */,
			);
			defaultConfigurationIsVisible = 0;
			defaultConfigurationName = Release;
		};
		C01FCF4E08A954540054247B /* Build configuration list for PBXProject "ECHelper" */ = {
			isa = XCConfigurationList;
			buildConfigurations = (
				C01FCF4F08A954540054247B /* Debug */,
				C01FCF5008A954540054247B /* Release */,
			);
			defaultConfigurationIsVisible = 0;
			defaultConfigurationName = Release;
		};
/* End XCConfigurationList section */
	};
	rootObject = 29B97313FDCFA39411CA2CEA /* Project object */;
}
